
Microsoft Visual Studio Solution File, Format Version 11.00
# Visual Studio 2010
Project("{FAE04EC0-301F-11D3-BF4B-00C04F79EFBC}") = "RS5-Extractor", "RS5-Extractor\RS5-Extractor.csproj", "{DAD6BFD2-EF04-445A-9C17-B00AE5B6A729}"
EndProject
Global
	GlobalSection(SolutionConfigurationPlatforms) = preSolution
		Debug|x86 = Debug|x86
		Release|x86 = Release|x86
	EndGlobalSection
	GlobalSection(ProjectConfigurationPlatforms) = postSolution
		{DAD6BFD2-EF04-445A-9C17-B00AE5B6A729}.Debug|x86.ActiveCfg = Debug|x86
		{DAD6BFD2-EF04-445A-9C17-B00AE5B6A729}.Debug|x86.Build.0 = Debug|x86
		{DAD6BFD2-EF04-445A-9C17-B00AE5B6A729}.Release|x86.ActiveCfg = Release|x86
		{DAD6BFD2-EF04-445A-9C17-B00AE5B6A729}.Release|x86.Build.0 = Release|x86
	EndGlobalSection
	GlobalSection(SolutionProperties) = preSolution
		HideSolutionNode = FALSE
	EndGlobalSection
EndGlobal
